
Microsoft Visual Studio Solution File, Format Version 11.00
# Visual Studio 2010
Project("{FAE04EC0-301F-11D3-BF4B-00C04F79EFBC}") = "Hacka", "Assembly-CSharp.csproj", "{386A90A7-D1D1-F16D-2B2B-9CE57DD080AB}"
EndProject
Global
	GlobalSection(SolutionConfigurationPlatforms) = preSolution
		Debug|Any CPU = Debug|Any CPU
		Release|Any CPU = Release|Any CPU
	EndGlobalSection
	GlobalSection(ProjectConfigurationPlatforms) = postSolution
		{386A90A7-D1D1-F16D-2B2B-9CE57DD080AB}.Debug|Any CPU.ActiveCfg = Debug|Any CPU
		{386A90A7-D1D1-F16D-2B2B-9CE57DD080AB}.Debug|Any CPU.Build.0 = Debug|Any CPU
		{386A90A7-D1D1-F16D-2B2B-9CE57DD080AB}.Release|Any CPU.ActiveCfg = Release|Any CPU
		{386A90A7-D1D1-F16D-2B2B-9CE57DD080AB}.Release|Any CPU.Build.0 = Release|Any CPU
	EndGlobalSection
	GlobalSection(SolutionProperties) = preSolution
		HideSolutionNode = FALSE
	EndGlobalSection
	GlobalSection(MonoDevelopProperties) = preSolution
		StartupItem = Assembly-CSharp.csproj
	EndGlobalSection
EndGlobal
